
Microsoft Visual Studio Solution File, Format Version 12.00
# Visual Studio Version 16
VisualStudioVersion = 16.0.30804.86
MinimumVisualStudioVersion = 10.0.40219.1
Project("{FAE04EC0-301F-11D3-BF4B-00C04F79EFBC}") = "ReadAndWriteGUI", "ReadAndWriteGUI\ReadAndWriteGUI.csproj", "{A10B957A-B0BC-4F42-837D-68D3C5B2F8C5}"
EndProject
Global
	GlobalSection(SolutionConfigurationPlatforms) = preSolution
		Debug|Any CPU = Debug|Any CPU
		Release|Any CPU = Release|Any CPU
	EndGlobalSection
	GlobalSection(ProjectConfigurationPlatforms) = postSolution
		{A10B957A-B0BC-4F42-837D-68D3C5B2F8C5}.Debug|Any CPU.ActiveCfg = Debug|Any CPU
		{A10B957A-B0BC-4F42-837D-68D3C5B2F8C5}.Debug|Any CPU.Build.0 = Debug|Any CPU
		{A10B957A-B0BC-4F42-837D-68D3C5B2F8C5}.Release|Any CPU.ActiveCfg = Release|Any CPU
		{A10B957A-B0BC-4F42-837D-68D3C5B2F8C5}.Release|Any CPU.Build.0 = Release|Any CPU
	EndGlobalSection
	GlobalSection(SolutionProperties) = preSolution
		HideSolutionNode = FALSE
	EndGlobalSection
	GlobalSection(ExtensibilityGlobals) = postSolution
		SolutionGuid = {79564805-8A65-4CA3-9B88-122E261AC5CD}
	EndGlobalSection
EndGlobal
